// !$*UTF8*$!
{
	archiveVersion = 1;
	classes = {
	};
	objectVersion = 50;
	objects = {

/* Begin PBXBuildFile section */
		0E0E035022B87D3C00550463 /* tableView.swift in Sources */ = {isa = PBXBuildFile; fileRef = 0E0E034F22B87D3C00550463 /* tableView.swift */; };
		0E9202BB22AE084E00E3DCB6 /* AppDelegate.swift in Sources */ = {isa = PBXBuildFile; fileRef = 0E9202BA22AE084E00E3DCB6 /* AppDelegate.swift */; };
		0E9202BD22AE084E00E3DCB6 /* ViewController.swift in Sources */ = {isa = PBXBuildFile; fileRef = 0E9202BC22AE084E00E3DCB6 /* ViewController.swift */; };
		0E9202C022AE084E00E3DCB6 /* Main.storyboard in Resources */ = {isa = PBXBuildFile; fileRef = 0E9202BE22AE084E00E3DCB6 /* Main.storyboard */; };
		0E9202C222AE084F00E3DCB6 /* Assets.xcassets in Resources */ = {isa = PBXBuildFile; fileRef = 0E9202C122AE084F00E3DCB6 /* Assets.xcassets */; };
		0E9202C522AE084F00E3DCB6 /* LaunchScreen.storyboard in Resources */ = {isa = PBXBuildFile; fileRef = 0E9202C322AE084F00E3DCB6 /* LaunchScreen.storyboard */; };
		0E9202CD22AE128100E3DCB6 /* CreateAccount.swift in Sources */ = {isa = PBXBuildFile; fileRef = 0E9202CC22AE128100E3DCB6 /* CreateAccount.swift */; };
		0E9202CF22AE129C00E3DCB6 /* welcomeView.swift in Sources */ = {isa = PBXBuildFile; fileRef = 0E9202CE22AE129C00E3DCB6 /* welcomeView.swift */; };
		0ED5CE1222AE17C700EECAE1 /* GoogleService-Info.plist in Resources */ = {isa = PBXBuildFile; fileRef = 0ED5CE1122AE17C700EECAE1 /* GoogleService-Info.plist */; };
		0EEA886D22AF8855009B5456 /* buttonStyle.swift in Sources */ = {isa = PBXBuildFile; fileRef = 0EEA886C22AF8855009B5456 /* buttonStyle.swift */; };
		73ACF4C03E1274615D59C2A5 /* Pods_firebaseAuthPractice.framework in Frameworks */ = {isa = PBXBuildFile; fileRef = F0FB42F2AA87EB963E1DCC17 /* Pods_firebaseAuthPractice.framework */; };
/* End PBXBuildFile section */

/* Begin PBXFileReference section */
		0E0E034F22B87D3C00550463 /* tableView.swift */ = {isa = PBXFileReference; lastKnownFileType = sourcecode.swift; path = tableView.swift; sourceTree = "<group>"; };
		0E9202B722AE084E00E3DCB6 /* firebaseAuthPractice.app */ = {isa = PBXFileReference; explicitFileType = wrapper.application; includeInIndex = 0; path = firebaseAuthPractice.app; sourceTree = BUILT_PRODUCTS_DIR; };
		0E9202BA22AE084E00E3DCB6 /* AppDelegate.swift */ = {isa = PBXFileReference; lastKnownFileType = sourcecode.swift; path = AppDelegate.swift; sourceTree = "<group>"; };
		0E9202BC22AE084E00E3DCB6 /* ViewController.swift */ = {isa = PBXFileReference; lastKnownFileType = sourcecode.swift; path = ViewController.swift; sourceTree = "<group>"; };
		0E9202BF22AE084E00E3DCB6 /* Base */ = {isa = PBXFileReference; lastKnownFileType = file.storyboard; name = Base; path = Base.lproj/Main.storyboard; sourceTree = "<group>"; };
		0E9202C122AE084F00E3DCB6 /* Assets.xcassets */ = {isa = PBXFileReference; lastKnownFileType = folder.assetcatalog; path = Assets.xcassets; sourceTree = "<group>"; };
		0E9202C422AE084F00E3DCB6 /* Base */ = {isa = PBXFileReference; lastKnownFileType = file.storyboard; name = Base; path = Base.lproj/LaunchScreen.storyboard; sourceTree = "<group>"; };
		0E9202C622AE084F00E3DCB6 /* Info.plist */ = {isa = PBXFileReference; lastKnownFileType = text.plist.xml; path = Info.plist; sourceTree = "<group>"; };
		0E9202CC22AE128100E3DCB6 /* CreateAccount.swift */ = {isa = PBXFileReference; lastKnownFileType = sourcecode.swift; path = CreateAccount.swift; sourceTree = "<group>"; };
		0E9202CE22AE129C00E3DCB6 /* welcomeView.swift */ = {isa = PBXFileReference; lastKnownFileType = sourcecode.swift; path = welcomeView.swift; sourceTree = "<group>"; };
		0ED5CE1122AE17C700EECAE1 /* GoogleService-Info.plist */ = {isa = PBXFileReference; fileEncoding = 4; lastKnownFileType = text.plist.xml; path = "GoogleService-Info.plist"; sourceTree = "<group>"; };
		0EEA886C22AF8855009B5456 /* buttonStyle.swift */ = {isa = PBXFileReference; lastKnownFileType = sourcecode.swift; path = buttonStyle.swift; sourceTree = "<group>"; };
		30FCD1C95AE0005E08EE1C4E /* Pods-firebaseAuthPractice.release.xcconfig */ = {isa = PBXFileReference; includeInIndex = 1; lastKnownFileType = text.xcconfig; name = "Pods-firebaseAuthPractice.release.xcconfig"; path = "Target Support Files/Pods-firebaseAuthPractice/Pods-firebaseAuthPractice.release.xcconfig"; sourceTree = "<group>"; };
		C6DE721B38C3C8C6DBD92C4D /* Pods-firebaseAuthPractice.debug.xcconfig */ = {isa = PBXFileReference; includeInIndex = 1; lastKnownFileType = text.xcconfig; name = "Pods-firebaseAuthPractice.debug.xcconfig"; path = "Target Support Files/Pods-firebaseAuthPractice/Pods-firebaseAuthPractice.debug.xcconfig"; sourceTree = "<group>"; };
		F0FB42F2AA87EB963E1DCC17 /* Pods_firebaseAuthPractice.framework */ = {isa = PBXFileReference; explicitFileType = wrapper.framework; includeInIndex = 0; path = Pods_firebaseAuthPractice.framework; sourceTree = BUILT_PRODUCTS_DIR; };
/* End PBXFileReference section */

/* Begin PBXFrameworksBuildPhase section */
		0E9202B422AE084E00E3DCB6 /* Frameworks */ = {
			isa = PBXFrameworksBuildPhase;
			buildActionMask = 2147483647;
			files = (
				73ACF4C03E1274615D59C2A5 /* Pods_firebaseAuthPractice.framework in Frameworks */,
			);
			runOnlyForDeploymentPostprocessing = 0;
		};
/* End PBXFrameworksBuildPhase section */

/* Begin PBXGroup section */
		0E9202AE22AE084E00E3DCB6 = {
			isa = PBXGroup;
			children = (
				0E9202B922AE084E00E3DCB6 /* firebaseAuthPractice */,
				0E9202B822AE084E00E3DCB6 /* Products */,
				73D95E105F90671675C4DCE5 /* Pods */,
				9B3DE71BFC3C6FF7C9B366A4 /* Frameworks */,
			);
			sourceTree = "<group>";
		};
		0E9202B822AE084E00E3DCB6 /* Products */ = {
			isa = PBXGroup;
			children = (
				0E9202B722AE084E00E3DCB6 /* firebaseAuthPractice.app */,
			);
			name = Products;
			sourceTree = "<group>";
		};
		0E9202B922AE084E00E3DCB6 /* firebaseAuthPractice */ = {
			isa = PBXGroup;
			children = (
				0E9202BA22AE084E00E3DCB6 /* AppDelegate.swift */,
				0E9202BC22AE084E00E3DCB6 /* ViewController.swift */,
				0E9202CC22AE128100E3DCB6 /* CreateAccount.swift */,
				0E9202CE22AE129C00E3DCB6 /* welcomeView.swift */,
				0E9202BE22AE084E00E3DCB6 /* Main.storyboard */,
				0E9202C122AE084F00E3DCB6 /* Assets.xcassets */,
				0E9202C322AE084F00E3DCB6 /* LaunchScreen.storyboard */,
				0E9202C622AE084F00E3DCB6 /* Info.plist */,
				0ED5CE1122AE17C700EECAE1 /* GoogleService-Info.plist */,
				0EEA886C22AF8855009B5456 /* buttonStyle.swift */,
				0E0E034F22B87D3C00550463 /* tableView.swift */,
			);
			path = firebaseAuthPractice;
			sourceTree = "<group>";
		};
		73D95E105F90671675C4DCE5 /* Pods */ = {
			isa = PBXGroup;
			children = (
				C6DE721B38C3C8C6DBD92C4D /* Pods-firebaseAuthPractice.debug.xcconfig */,
				30FCD1C95AE0005E08EE1C4E /* Pods-firebaseAuthPractice.release.xcconfig */,
			);
			path = Pods;
			sourceTree = "<group>";
		};
		9B3DE71BFC3C6FF7C9B366A4 /* Frameworks */ = {
			isa = PBXGroup;
			children = (
				F0FB42F2AA87EB963E1DCC17 /* Pods_firebaseAuthPractice.framework */,
			);
			name = Frameworks;
			sourceTree = "<group>";
		};
/* End PBXGroup section */

/* Begin PBXNativeTarget section */
		0E9202B622AE084E00E3DCB6 /* firebaseAuthPractice */ = {
			isa = PBXNativeTarget;
			buildConfigurationList = 0E9202C922AE084F00E3DCB6 /* Build configuration list for PBXNativeTarget "firebaseAuthPractice" */;
			buildPhases = (
				CDC2C1E8E1F931CF38284690 /* [CP] Check Pods Manifest.lock */,
				0E9202B322AE084E00E3DCB6 /* Sources */,
				0E9202B422AE084E00E3DCB6 /* Frameworks */,
				0E9202B522AE084E00E3DCB6 /* Resources */,
				01AA91254ECCCE5A343E825C /* [CP] Embed Pods Frameworks */,
				D7364F04E729C518D1DA0FBD /* [CP] Copy Pods Resources */,
			);
			buildRules = (
			);
			dependencies = (
			);
			name = firebaseAuthPractice;
			productName = firebaseAuthPractice;
			productReference = 0E9202B722AE084E00E3DCB6 /* firebaseAuthPractice.app */;
			productType = "com.apple.product-type.application";
		};
/* End PBXNativeTarget section */

/* Begin PBXProject section */
		0E9202AF22AE084E00E3DCB6 /* Project object */ = {
			isa = PBXProject;
			attributes = {
				LastSwiftUpdateCheck = 1020;
				LastUpgradeCheck = 1020;
				ORGANIZATIONNAME = "Nasser Jeary";
				TargetAttributes = {
					0E9202B622AE084E00E3DCB6 = {
						CreatedOnToolsVersion = 10.2.1;
					};
				};
			};
			buildConfigurationList = 0E9202B222AE084E00E3DCB6 /* Build configuration list for PBXProject "firebaseAuthPractice" */;
			compatibilityVersion = "Xcode 9.3";
			developmentRegion = en;
			hasScannedForEncodings = 0;
			knownRegions = (
				en,
				Base,
			);
			mainGroup = 0E9202AE22AE084E00E3DCB6;
			productRefGroup = 0E9202B822AE084E00E3DCB6 /* Products */;
			projectDirPath = "";
			projectRoot = "";
			targets = (
				0E9202B622AE084E00E3DCB6 /* firebaseAuthPractice */,
			);
		};
/* End PBXProject section */

/* Begin PBXResourcesBuildPhase section */
		0E9202B522AE084E00E3DCB6 /* Resources */ = {
			isa = PBXResourcesBuildPhase;
			buildActionMask = 2147483647;
			files = (
				0E9202C522AE084F00E3DCB6 /* LaunchScreen.storyboard in Resources */,
				0ED5CE1222AE17C700EECAE1 /* GoogleService-Info.plist in Resources */,
				0E9202C222AE084F00E3DCB6 /* Assets.xcassets in Resources */,
				0E9202C022AE084E00E3DCB6 /* Main.storyboard in Resources */,
			);
			runOnlyForDeploymentPostprocessing = 0;
		};
/* End PBXResourcesBuildPhase section */

/* Begin PBXShellScriptBuildPhase section */
		01AA91254ECCCE5A343E825C /* [CP] Embed Pods Frameworks */ = {
			isa = PBXShellScriptBuildPhase;
			buildActionMask = 2147483647;
			files = (
			);
			inputFileListPaths = (
			);
			inputPaths = (
				"${PODS_ROOT}/Target Support Files/Pods-firebaseAuthPractice/Pods-firebaseAuthPractice-frameworks.sh",
				"${BUILT_PRODUCTS_DIR}/GTMSessionFetcher/GTMSessionFetcher.framework",
				"${BUILT_PRODUCTS_DIR}/GoogleUtilities/GoogleUtilities.framework",
				"${BUILT_PRODUCTS_DIR}/leveldb-library/leveldb.framework",
				"${BUILT_PRODUCTS_DIR}/nanopb/nanopb.framework",
			);
			name = "[CP] Embed Pods Frameworks";
			outputFileListPaths = (
			);
			outputPaths = (
				"${TARGET_BUILD_DIR}/${FRAMEWORKS_FOLDER_PATH}/GTMSessionFetcher.framework",
				"${TARGET_BUILD_DIR}/${FRAMEWORKS_FOLDER_PATH}/GoogleUtilities.framework",
				"${TARGET_BUILD_DIR}/${FRAMEWORKS_FOLDER_PATH}/leveldb.framework",
				"${TARGET_BUILD_DIR}/${FRAMEWORKS_FOLDER_PATH}/nanopb.framework",
			);
			runOnlyForDeploymentPostprocessing = 0;
			shellPath = /bin/sh;
			shellScript = "\"${PODS_ROOT}/Target Support Files/Pods-firebaseAuthPractice/Pods-firebaseAuthPractice-frameworks.sh\"\n";
			showEnvVarsInLog = 0;
		};
		CDC2C1E8E1F931CF38284690 /* [CP] Check Pods Manifest.lock */ = {
			isa = PBXShellScriptBuildPhase;
			buildActionMask = 2147483647;
			files = (
			);
			inputFileListPaths = (
			);
			inputPaths = (
				"${PODS_PODFILE_DIR_PATH}/Podfile.lock",
				"${PODS_ROOT}/Manifest.lock",
			);
			name = "[CP] Check Pods Manifest.lock";
			outputFileListPaths = (
			);
			outputPaths = (
				"$(DERIVED_FILE_DIR)/Pods-firebaseAuthPractice-checkManifestLockResult.txt",
			);
			runOnlyForDeploymentPostprocessing = 0;
			shellPath = /bin/sh;
			shellScript = "diff \"${PODS_PODFILE_DIR_PATH}/Podfile.lock\" \"${PODS_ROOT}/Manifest.lock\" > /dev/null\nif [ $? != 0 ] ; then\n    # print error to STDERR\n    echo \"error: The sandbox is not in sync with the Podfile.lock. Run 'pod install' or update your CocoaPods installation.\" >&2\n    exit 1\nfi\n# This output is used by Xcode 'outputs' to avoid re-running this script phase.\necho \"SUCCESS\" > \"${SCRIPT_OUTPUT_FILE_0}\"\n";
			showEnvVarsInLog = 0;
		};
		D7364F04E729C518D1DA0FBD /* [CP] Copy Pods Resources */ = {
			isa = PBXShellScriptBuildPhase;
			buildActionMask = 2147483647;
			files = (
			);
			inputFileListPaths = (
			);
			inputPaths = (
				"${PODS_ROOT}/Target Support Files/Pods-firebaseAuthPractice/Pods-firebaseAuthPractice-resources.sh",
				"${PODS_CONFIGURATION_BUILD_DIR}/FirebaseUI/FirebaseAuthUI.bundle",
			);
			name = "[CP] Copy Pods Resources";
			outputFileListPaths = (
			);
			outputPaths = (
				"${TARGET_BUILD_DIR}/${UNLOCALIZED_RESOURCES_FOLDER_PATH}/FirebaseAuthUI.bundle",
			);
			runOnlyForDeploymentPostprocessing = 0;
			shellPath = /bin/sh;
			shellScript = "\"${PODS_ROOT}/Target Support Files/Pods-firebaseAuthPractice/Pods-firebaseAuthPractice-resources.sh\"\n";
			showEnvVarsInLog = 0;
		};
/* End PBXShellScriptBuildPhase section */

/* Begin PBXSourcesBuildPhase section */
		0E9202B322AE084E00E3DCB6 /* Sources */ = {
			isa = PBXSourcesBuildPhase;
			buildActionMask = 2147483647;
			files = (
				0E9202BD22AE084E00E3DCB6 /* ViewController.swift in Sources */,
				0E9202CD22AE128100E3DCB6 /* CreateAccount.swift in Sources */,
				0E9202BB22AE084E00E3DCB6 /* AppDelegate.swift in Sources */,
				0EEA886D22AF8855009B5456 /* buttonStyle.swift in Sources */,
				0E9202CF22AE129C00E3DCB6 /* welcomeView.swift in Sources */,
				0E0E035022B87D3C00550463 /* tableView.swift in Sources */,
			);
			runOnlyForDeploymentPostprocessing = 0;
		};
/* End PBXSourcesBuildPhase section */

/* Begin PBXVariantGroup section */
		0E9202BE22AE084E00E3DCB6 /* Main.storyboard */ = {
			isa = PBXVariantGroup;
			children = (
				0E9202BF22AE084E00E3DCB6 /* Base */,
			);
			name = Main.storyboard;
			sourceTree = "<group>";
		};
		0E9202C322AE084F00E3DCB6 /* LaunchScreen.storyboard */ = {
			isa = PBXVariantGroup;
			children = (
				0E9202C422AE084F00E3DCB6 /* Base */,
			);
			name = LaunchScreen.storyboard;
			sourceTree = "<group>";
		};
/* End PBXVariantGroup section */

/* Begin XCBuildConfiguration section */
		0E9202C722AE084F00E3DCB6 /* Debug */ = {
			isa = XCBuildConfiguration;
			buildSettings = {
				ALWAYS_SEARCH_USER_PATHS = NO;
				CLANG_ANALYZER_NONNULL = YES;
				CLANG_ANALYZER_NUMBER_OBJECT_CONVERSION = YES_AGGRESSIVE;
				CLANG_CXX_LANGUAGE_STANDARD = "gnu++14";
				CLANG_CXX_LIBRARY = "libc++";
				CLANG_ENABLE_MODULES = YES;
				CLANG_ENABLE_OBJC_ARC = YES;
				CLANG_ENABLE_OBJC_WEAK = YES;
				CLANG_WARN_BLOCK_CAPTURE_AUTORELEASING = YES;
				CLANG_WARN_BOOL_CONVERSION = YES;
				CLANG_WARN_COMMA = YES;
				CLANG_WARN_CONSTANT_CONVERSION = YES;
				CLANG_WARN_DEPRECATED_OBJC_IMPLEMENTATIONS = YES;
				CLANG_WARN_DIRECT_OBJC_ISA_USAGE = YES_ERROR;
				CLANG_WARN_DOCUMENTATION_COMMENTS = YES;
				CLANG_WARN_EMPTY_BODY = YES;
				CLANG_WARN_ENUM_CONVERSION = YES;
				CLANG_WARN_INFINITE_RECURSION = YES;
				CLANG_WARN_INT_CONVERSION = YES;
				CLANG_WARN_NON_LITERAL_NULL_CONVERSION = YES;
				CLANG_WARN_OBJC_IMPLICIT_RETAIN_SELF = YES;
				CLANG_WARN_OBJC_LITERAL_CONVERSION = YES;
				CLANG_WARN_OBJC_ROOT_CLASS = YES_ERROR;
				CLANG_WARN_RANGE_LOOP_ANALYSIS = YES;
				CLANG_WARN_STRICT_PROTOTYPES = YES;
				CLANG_WARN_SUSPICIOUS_MOVE = YES;
				CLANG_WARN_UNGUARDED_AVAILABILITY = YES_AGGRESSIVE;
				CLANG_WARN_UNREACHABLE_CODE = YES;
				CLANG_WARN__DUPLICATE_METHOD_MATCH = YES;
				CODE_SIGN_IDENTITY = "iPhone Developer";
				COPY_PHASE_STRIP = NO;
				DEBUG_INFORMATION_FORMAT = dwarf;
				ENABLE_STRICT_OBJC_MSGSEND = YES;
				ENABLE_TESTABILITY = YES;
				GCC_C_LANGUAGE_STANDARD = gnu11;
				GCC_DYNAMIC_NO_PIC = NO;
				GCC_NO_COMMON_BLOCKS = YES;
				GCC_OPTIMIZATION_LEVEL = 0;
				GCC_PREPROCESSOR_DEFINITIONS = (
					"DEBUG=1",
					"$(inherited)",
				);
				GCC_WARN_64_TO_32_BIT_CONVERSION = YES;
				GCC_WARN_ABOUT_RETURN_TYPE = YES_ERROR;
				GCC_WARN_UNDECLARED_SELECTOR = YES;
				GCC_WARN_UNINITIALIZED_AUTOS = YES_AGGRESSIVE;
				GCC_WARN_UNUSED_FUNCTION = YES;
				GCC_WARN_UNUSED_VARIABLE = YES;
				IPHONEOS_DEPLOYMENT_TARGET = 12.2;
				MTL_ENABLE_DEBUG_INFO = INCLUDE_SOURCE;
				MTL_FAST_MATH = YES;
				ONLY_ACTIVE_ARCH = YES;
				SDKROOT = iphoneos;
				SWIFT_ACTIVE_COMPILATION_CONDITIONS = DEBUG;
				SWIFT_OPTIMIZATION_LEVEL = "-Onone";
			};
			name = Debug;
		};
		0E9202C822AE084F00E3DCB6 /* Release */ = {
			isa = XCBuildConfiguration;
			buildSettings = {
				ALWAYS_SEARCH_USER_PATHS = NO;
				CLANG_ANALYZER_NONNULL = YES;
				CLANG_ANALYZER_NUMBER_OBJECT_CONVERSION = YES_AGGRESSIVE;
				CLANG_CXX_LANGUAGE_STANDARD = "gnu++14";
				CLANG_CXX_LIBRARY = "libc++";
				CLANG_ENABLE_MODULES = YES;
				CLANG_ENABLE_OBJC_ARC = YES;
				CLANG_ENABLE_OBJC_WEAK = YES;
				CLANG_WARN_BLOCK_CAPTURE_AUTORELEASING = YES;
				CLANG_WARN_BOOL_CONVERSION = YES;
				CLANG_WARN_COMMA = YES;
				CLANG_WARN_CONSTANT_CONVERSION = YES;
				CLANG_WARN_DEPRECATED_OBJC_IMPLEMENTATIONS = YES;
				CLANG_WARN_DIRECT_OBJC_ISA_USAGE = YES_ERROR;
				CLANG_WARN_DOCUMENTATION_COMMENTS = YES;
				CLANG_WARN_EMPTY_BODY = YES;
				CLANG_WARN_ENUM_CONVERSION = YES;
				CLANG_WARN_INFINITE_RECURSION = YES;
				CLANG_WARN_INT_CONVERSION = YES;
				CLANG_WARN_NON_LITERAL_NULL_CONVERSION = YES;
				CLANG_WARN_OBJC_IMPLICIT_RETAIN_SELF = YES;
				CLANG_WARN_OBJC_LITERAL_CONVERSION = YES;
				CLANG_WARN_OBJC_ROOT_CLASS = YES_ERROR;
				CLANG_WARN_RANGE_LOOP_ANALYSIS = YES;
				CLANG_WARN_STRICT_PROTOTYPES = YES;
				CLANG_WARN_SUSPICIOUS_MOVE = YES;
				CLANG_WARN_UNGUARDED_AVAILABILITY = YES_AGGRESSIVE;
				CLANG_WARN_UNREACHABLE_CODE = YES;
				CLANG_WARN__DUPLICATE_METHOD_MATCH = YES;
				CODE_SIGN_IDENTITY = "iPhone Developer";
				COPY_PHASE_STRIP = NO;
				DEBUG_INFORMATION_FORMAT = "dwarf-with-dsym";
				ENABLE_NS_ASSERTIONS = NO;
				ENABLE_STRICT_OBJC_MSGSEND = YES;
				GCC_C_LANGUAGE_STANDARD = gnu11;
				GCC_NO_COMMON_BLOCKS = YES;
				GCC_WARN_64_TO_32_BIT_CONVERSION = YES;
				GCC_WARN_ABOUT_RETURN_TYPE = YES_ERROR;
				GCC_WARN_UNDECLARED_SELECTOR = YES;
				GCC_WARN_UNINITIALIZED_AUTOS = YES_AGGRESSIVE;
				GCC_WARN_UNUSED_FUNCTION = YES;
				GCC_WARN_UNUSED_VARIABLE = YES;
				IPHONEOS_DEPLOYMENT_TARGET = 12.2;
				MTL_ENABLE_DEBUG_INFO = NO;
				MTL_FAST_MATH = YES;
				SDKROOT = iphoneos;
				SWIFT_COMPILATION_MODE = wholemodule;
				SWIFT_OPTIMIZATION_LEVEL = "-O";
				VALIDATE_PRODUCT = YES;
			};
			name = Release;
		};
		0E9202CA22AE084F00E3DCB6 /* Debug */ = {
			isa = XCBuildConfiguration;
			baseConfigurationReference = C6DE721B38C3C8C6DBD92C4D /* Pods-firebaseAuthPractice.debug.xcconfig */;
			buildSettings = {
				ASSETCATALOG_COMPILER_APPICON_NAME = AppIcon;
				CODE_SIGN_STYLE = Automatic;
				DEVELOPMENT_TEAM = 7B6MSM69LR;
				INFOPLIST_FILE = firebaseAuthPractice/Info.plist;
				LD_RUNPATH_SEARCH_PATHS = (
					"$(inherited)",
					"@executable_path/Frameworks",
				);
				PRODUCT_BUNDLE_IDENTIFIER = com.nasserjeary.firebaseAuthPractice;
				PRODUCT_NAME = "$(TARGET_NAME)";
				SWIFT_VERSION = 5.0;
				TARGETED_DEVICE_FAMILY = "1,2";
			};
			name = Debug;
		};
		0E9202CB22AE084F00E3DCB6 /* Release */ = {
			isa = XCBuildConfiguration;
			baseConfigurationReference = 30FCD1C95AE0005E08EE1C4E /* Pods-firebaseAuthPractice.release.xcconfig */;
			buildSettings = {
				ASSETCATALOG_COMPILER_APPICON_NAME = AppIcon;
				CODE_SIGN_STYLE = Automatic;
				DEVELOPMENT_TEAM = 7B6MSM69LR;
				INFOPLIST_FILE = firebaseAuthPractice/Info.plist;
				LD_RUNPATH_SEARCH_PATHS = (
					"$(inherited)",
					"@executable_path/Frameworks",
				);
				PRODUCT_BUNDLE_IDENTIFIER = com.nasserjeary.firebaseAuthPractice;
				PRODUCT_NAME = "$(TARGET_NAME)";
				SWIFT_VERSION = 5.0;
				TARGETED_DEVICE_FAMILY = "1,2";
			};
			name = Release;
		};
/* End XCBuildConfiguration section */

/* Begin XCConfigurationList section */
		0E9202B222AE084E00E3DCB6 /* Build configuration list for PBXProject "firebaseAuthPractice" */ = {
			isa = XCConfigurationList;
			buildConfigurations = (
				0E9202C722AE084F00E3DCB6 /* Debug */,
				0E9202C822AE084F00E3DCB6 /* Release */,
			);
			defaultConfigurationIsVisible = 0;
			defaultConfigurationName = Release;
		};
		0E9202C922AE084F00E3DCB6 /* Build configuration list for PBXNativeTarget "firebaseAuthPractice" */ = {
			isa = XCConfigurationList;
			buildConfigurations = (
				0E9202CA22AE084F00E3DCB6 /* Debug */,
				0E9202CB22AE084F00E3DCB6 /* Release */,
			);
			defaultConfigurationIsVisible = 0;
			defaultConfigurationName = Release;
		};
/* End XCConfigurationList section */
	};
	rootObject = 0E9202AF22AE084E00E3DCB6 /* Project object */;
}
